
Microsoft Visual Studio Solution File, Format Version 12.00
# Visual Studio 15
VisualStudioVersion = 15.0.28307.645
MinimumVisualStudioVersion = 10.0.40219.1
Project("{FAE04EC0-301F-11D3-BF4B-00C04F79EFBC}") = "SimpleWPFApp", "SimpleWPFApp\SimpleWPFApp.csproj", "{8BAD2B39-401E-4FD8-B06E-ACB6B6272E93}"
EndProject
Project("{FAE04EC0-301F-11D3-BF4B-00C04F79EFBC}") = "CodedUITestProject1", "CodedUITestProject1\CodedUITestProject1.csproj", "{0044A694-FAE1-41EE-A2A1-A73D1584CA72}"
EndProject
Global
	GlobalSection(SolutionConfigurationPlatforms) = preSolution
		Debug|Any CPU = Debug|Any CPU
		Release|Any CPU = Release|Any CPU
	EndGlobalSection
	GlobalSection(ProjectConfigurationPlatforms) = postSolution
		{8BAD2B39-401E-4FD8-B06E-ACB6B6272E93}.Debug|Any CPU.ActiveCfg = Debug|Any CPU
		{8BAD2B39-401E-4FD8-B06E-ACB6B6272E93}.Debug|Any CPU.Build.0 = Debug|Any CPU
		{8BAD2B39-401E-4FD8-B06E-ACB6B6272E93}.Release|Any CPU.ActiveCfg = Release|Any CPU
		{8BAD2B39-401E-4FD8-B06E-ACB6B6272E93}.Release|Any CPU.Build.0 = Release|Any CPU
		{0044A694-FAE1-41EE-A2A1-A73D1584CA72}.Debug|Any CPU.ActiveCfg = Debug|Any CPU
		{0044A694-FAE1-41EE-A2A1-A73D1584CA72}.Debug|Any CPU.Build.0 = Debug|Any CPU
		{0044A694-FAE1-41EE-A2A1-A73D1584CA72}.Release|Any CPU.ActiveCfg = Release|Any CPU
		{0044A694-FAE1-41EE-A2A1-A73D1584CA72}.Release|Any CPU.Build.0 = Release|Any CPU
	EndGlobalSection
	GlobalSection(SolutionProperties) = preSolution
		HideSolutionNode = FALSE
	EndGlobalSection
	GlobalSection(ExtensibilityGlobals) = postSolution
		SolutionGuid = {50C669DB-7D2D-4EFD-9598-E4D73EA85A5C}
	EndGlobalSection
EndGlobal
